
Microsoft Visual Studio Solution File, Format Version 12.00
# Visual Studio Version 17
VisualStudioVersion = 17.4.33205.214
MinimumVisualStudioVersion = 10.0.40219.1
Project("{9A19103F-16F7-4668-BE54-9A1E7A4F7556}") = "ProductAndOrderServices", "ProductAndOrderServices\ProductAndOrderServices.csproj", "{9C5D634C-1174-4585-8449-5694B4755F44}"
EndProject
Project("{FAE04EC0-301F-11D3-BF4B-00C04F79EFBC}") = "TestProductAndOrderServices", "TestProductAndOrderServices\TestProductAndOrderServices.csproj", "{7B17DEDD-0363-4E79-A505-2C312BFB88D1}"
EndProject
Global
	GlobalSection(SolutionConfigurationPlatforms) = preSolution
		Debug|Any CPU = Debug|Any CPU
		Release|Any CPU = Release|Any CPU
	EndGlobalSection
	GlobalSection(ProjectConfigurationPlatforms) = postSolution
		{9C5D634C-1174-4585-8449-5694B4755F44}.Debug|Any CPU.ActiveCfg = Debug|Any CPU
		{9C5D634C-1174-4585-8449-5694B4755F44}.Debug|Any CPU.Build.0 = Debug|Any CPU
		{9C5D634C-1174-4585-8449-5694B4755F44}.Release|Any CPU.ActiveCfg = Release|Any CPU
		{9C5D634C-1174-4585-8449-5694B4755F44}.Release|Any CPU.Build.0 = Release|Any CPU
		{7B17DEDD-0363-4E79-A505-2C312BFB88D1}.Debug|Any CPU.ActiveCfg = Debug|Any CPU
		{7B17DEDD-0363-4E79-A505-2C312BFB88D1}.Debug|Any CPU.Build.0 = Debug|Any CPU
		{7B17DEDD-0363-4E79-A505-2C312BFB88D1}.Release|Any CPU.ActiveCfg = Release|Any CPU
		{7B17DEDD-0363-4E79-A505-2C312BFB88D1}.Release|Any CPU.Build.0 = Release|Any CPU
	EndGlobalSection
	GlobalSection(SolutionProperties) = preSolution
		HideSolutionNode = FALSE
	EndGlobalSection
	GlobalSection(ExtensibilityGlobals) = postSolution
		SolutionGuid = {84F13C4F-0806-40BB-948E-C504FA83E8F5}
	EndGlobalSection
EndGlobal
