
Microsoft Visual Studio Solution File, Format Version 12.00
# Visual Studio Version 17
VisualStudioVersion = 17.4.33205.214
MinimumVisualStudioVersion = 10.0.40219.1
Project("{9A19103F-16F7-4668-BE54-9A1E7A4F7556}") = "UserAndBankAccountServices", "UserAndBankAccountServices\UserAndBankAccountServices.csproj", "{C4E9DB39-0E22-4E97-BC38-079B4A2C64A9}"
EndProject
Project("{FAE04EC0-301F-11D3-BF4B-00C04F79EFBC}") = "UserAndBankAccountServicesTest", "UserAndBankAccountServicesTest\UserAndBankAccountServicesTest.csproj", "{13A9907E-5591-458A-B960-132A15E4F24D}"
EndProject
Global
	GlobalSection(SolutionConfigurationPlatforms) = preSolution
		Debug|Any CPU = Debug|Any CPU
		Release|Any CPU = Release|Any CPU
	EndGlobalSection
	GlobalSection(ProjectConfigurationPlatforms) = postSolution
		{C4E9DB39-0E22-4E97-BC38-079B4A2C64A9}.Debug|Any CPU.ActiveCfg = Debug|Any CPU
		{C4E9DB39-0E22-4E97-BC38-079B4A2C64A9}.Debug|Any CPU.Build.0 = Debug|Any CPU
		{C4E9DB39-0E22-4E97-BC38-079B4A2C64A9}.Release|Any CPU.ActiveCfg = Release|Any CPU
		{C4E9DB39-0E22-4E97-BC38-079B4A2C64A9}.Release|Any CPU.Build.0 = Release|Any CPU
		{13A9907E-5591-458A-B960-132A15E4F24D}.Debug|Any CPU.ActiveCfg = Debug|Any CPU
		{13A9907E-5591-458A-B960-132A15E4F24D}.Debug|Any CPU.Build.0 = Debug|Any CPU
		{13A9907E-5591-458A-B960-132A15E4F24D}.Release|Any CPU.ActiveCfg = Release|Any CPU
		{13A9907E-5591-458A-B960-132A15E4F24D}.Release|Any CPU.Build.0 = Release|Any CPU
	EndGlobalSection
	GlobalSection(SolutionProperties) = preSolution
		HideSolutionNode = FALSE
	EndGlobalSection
	GlobalSection(ExtensibilityGlobals) = postSolution
		SolutionGuid = {89EB834D-0E17-42AF-B193-EC8D9ED6EA8E}
	EndGlobalSection
EndGlobal
